
Microsoft Visual Studio Solution File, Format Version 12.00
# Visual Studio Version 17
VisualStudioVersion = 17.7.34024.191
MinimumVisualStudioVersion = 10.0.40219.1
Project("{FAE04EC0-301F-11D3-BF4B-00C04F79EFBC}") = "Server", "Server.csproj", "{B777C1E1-DF6C-4260-BB4C-D5DD9B5D14F8}"
EndProject
Project("{FAE04EC0-301F-11D3-BF4B-00C04F79EFBC}") = "Cliente", "..\Cliente\Cliente.csproj", "{EA1C66D0-DE53-46B3-B2EF-389319062B5C}"
EndProject
Project("{FAE04EC0-301F-11D3-BF4B-00C04F79EFBC}") = "Biblioteca1", "..\Biblioteca1\Biblioteca1.csproj", "{44D62815-2468-4410-AD18-1F78EA842FAA}"
EndProject
Global
	GlobalSection(SolutionConfigurationPlatforms) = preSolution
		Debug|Any CPU = Debug|Any CPU
		Release|Any CPU = Release|Any CPU
	EndGlobalSection
	GlobalSection(ProjectConfigurationPlatforms) = postSolution
		{B777C1E1-DF6C-4260-BB4C-D5DD9B5D14F8}.Debug|Any CPU.ActiveCfg = Debug|Any CPU
		{B777C1E1-DF6C-4260-BB4C-D5DD9B5D14F8}.Debug|Any CPU.Build.0 = Debug|Any CPU
		{B777C1E1-DF6C-4260-BB4C-D5DD9B5D14F8}.Release|Any CPU.ActiveCfg = Release|Any CPU
		{B777C1E1-DF6C-4260-BB4C-D5DD9B5D14F8}.Release|Any CPU.Build.0 = Release|Any CPU
		{EA1C66D0-DE53-46B3-B2EF-389319062B5C}.Debug|Any CPU.ActiveCfg = Debug|Any CPU
		{EA1C66D0-DE53-46B3-B2EF-389319062B5C}.Debug|Any CPU.Build.0 = Debug|Any CPU
		{EA1C66D0-DE53-46B3-B2EF-389319062B5C}.Release|Any CPU.ActiveCfg = Release|Any CPU
		{EA1C66D0-DE53-46B3-B2EF-389319062B5C}.Release|Any CPU.Build.0 = Release|Any CPU
		{44D62815-2468-4410-AD18-1F78EA842FAA}.Debug|Any CPU.ActiveCfg = Debug|Any CPU
		{44D62815-2468-4410-AD18-1F78EA842FAA}.Debug|Any CPU.Build.0 = Debug|Any CPU
		{44D62815-2468-4410-AD18-1F78EA842FAA}.Release|Any CPU.ActiveCfg = Release|Any CPU
		{44D62815-2468-4410-AD18-1F78EA842FAA}.Release|Any CPU.Build.0 = Release|Any CPU
	EndGlobalSection
	GlobalSection(SolutionProperties) = preSolution
		HideSolutionNode = FALSE
	EndGlobalSection
	GlobalSection(ExtensibilityGlobals) = postSolution
		SolutionGuid = {96A6D3B7-FC10-4712-8901-50C9969A2D2A}
	EndGlobalSection
EndGlobal
